// !$*UTF8*$!
{
	archiveVersion = 1;
	classes = {
	};
	objectVersion = 50;
	objects = {

/* Begin PBXBuildFile section */
		32494E5424FE0F9000D1BA6D /* MKPointAnnotation-ObservableObject.swift in Sources */ = {isa = PBXBuildFile; fileRef = 32494E5324FE0F9000D1BA6D /* MKPointAnnotation-ObservableObject.swift */; };
		32494E5624FE100600D1BA6D /* CodableMKPointAnnotation.swift in Sources */ = {isa = PBXBuildFile; fileRef = 32494E5524FE100600D1BA6D /* CodableMKPointAnnotation.swift */; };
		32494E5824FE13C900D1BA6D /* Result.swift in Sources */ = {isa = PBXBuildFile; fileRef = 32494E5724FE13C900D1BA6D /* Result.swift */; };
		328A4B5424FD567B0020CD88 /* AppDelegate.swift in Sources */ = {isa = PBXBuildFile; fileRef = 328A4B5324FD567B0020CD88 /* AppDelegate.swift */; };
		328A4B5624FD567B0020CD88 /* SceneDelegate.swift in Sources */ = {isa = PBXBuildFile; fileRef = 328A4B5524FD567B0020CD88 /* SceneDelegate.swift */; };
		328A4B5824FD567B0020CD88 /* ContentView.swift in Sources */ = {isa = PBXBuildFile; fileRef = 328A4B5724FD567B0020CD88 /* ContentView.swift */; };
		328A4B5A24FD567E0020CD88 /* Assets.xcassets in Resources */ = {isa = PBXBuildFile; fileRef = 328A4B5924FD567E0020CD88 /* Assets.xcassets */; };
		328A4B5D24FD567E0020CD88 /* Preview Assets.xcassets in Resources */ = {isa = PBXBuildFile; fileRef = 328A4B5C24FD567E0020CD88 /* Preview Assets.xcassets */; };
		328A4B6024FD567E0020CD88 /* LaunchScreen.storyboard in Resources */ = {isa = PBXBuildFile; fileRef = 328A4B5E24FD567E0020CD88 /* LaunchScreen.storyboard */; };
		328A4B6824FD5F530020CD88 /* MapView.swift in Sources */ = {isa = PBXBuildFile; fileRef = 328A4B6724FD5F530020CD88 /* MapView.swift */; };
		328A4B6A24FD6B8D0020CD88 /* EditView.swift in Sources */ = {isa = PBXBuildFile; fileRef = 328A4B6924FD6B8D0020CD88 /* EditView.swift */; };
/* End PBXBuildFile section */

/* Begin PBXFileReference section */
		32494E5324FE0F9000D1BA6D /* MKPointAnnotation-ObservableObject.swift */ = {isa = PBXFileReference; lastKnownFileType = sourcecode.swift; path = "MKPointAnnotation-ObservableObject.swift"; sourceTree = "<group>"; };
		32494E5524FE100600D1BA6D /* CodableMKPointAnnotation.swift */ = {isa = PBXFileReference; lastKnownFileType = sourcecode.swift; path = CodableMKPointAnnotation.swift; sourceTree = "<group>"; };
		32494E5724FE13C900D1BA6D /* Result.swift */ = {isa = PBXFileReference; lastKnownFileType = sourcecode.swift; path = Result.swift; sourceTree = "<group>"; };
		328A4B5024FD567B0020CD88 /* BucketList.app */ = {isa = PBXFileReference; explicitFileType = wrapper.application; includeInIndex = 0; path = BucketList.app; sourceTree = BUILT_PRODUCTS_DIR; };
		328A4B5324FD567B0020CD88 /* AppDelegate.swift */ = {isa = PBXFileReference; lastKnownFileType = sourcecode.swift; path = AppDelegate.swift; sourceTree = "<group>"; };
		328A4B5524FD567B0020CD88 /* SceneDelegate.swift */ = {isa = PBXFileReference; lastKnownFileType = sourcecode.swift; path = SceneDelegate.swift; sourceTree = "<group>"; };
		328A4B5724FD567B0020CD88 /* ContentView.swift */ = {isa = PBXFileReference; lastKnownFileType = sourcecode.swift; path = ContentView.swift; sourceTree = "<group>"; };
		328A4B5924FD567E0020CD88 /* Assets.xcassets */ = {isa = PBXFileReference; lastKnownFileType = folder.assetcatalog; path = Assets.xcassets; sourceTree = "<group>"; };
		328A4B5C24FD567E0020CD88 /* Preview Assets.xcassets */ = {isa = PBXFileReference; lastKnownFileType = folder.assetcatalog; path = "Preview Assets.xcassets"; sourceTree = "<group>"; };
		328A4B5F24FD567E0020CD88 /* Base */ = {isa = PBXFileReference; lastKnownFileType = file.storyboard; name = Base; path = Base.lproj/LaunchScreen.storyboard; sourceTree = "<group>"; };
		328A4B6124FD567E0020CD88 /* Info.plist */ = {isa = PBXFileReference; lastKnownFileType = text.plist.xml; path = Info.plist; sourceTree = "<group>"; };
		328A4B6724FD5F530020CD88 /* MapView.swift */ = {isa = PBXFileReference; lastKnownFileType = sourcecode.swift; path = MapView.swift; sourceTree = "<group>"; };
		328A4B6924FD6B8D0020CD88 /* EditView.swift */ = {isa = PBXFileReference; lastKnownFileType = sourcecode.swift; path = EditView.swift; sourceTree = "<group>"; };
/* End PBXFileReference section */

/* Begin PBXFrameworksBuildPhase section */
		328A4B4D24FD567B0020CD88 /* Frameworks */ = {
			isa = PBXFrameworksBuildPhase;
			buildActionMask = 2147483647;
			files = (
			);
			runOnlyForDeploymentPostprocessing = 0;
		};
/* End PBXFrameworksBuildPhase section */

/* Begin PBXGroup section */
		328A4B4724FD567B0020CD88 = {
			isa = PBXGroup;
			children = (
				328A4B5224FD567B0020CD88 /* BucketList */,
				328A4B5124FD567B0020CD88 /* Products */,
			);
			sourceTree = "<group>";
		};
		328A4B5124FD567B0020CD88 /* Products */ = {
			isa = PBXGroup;
			children = (
				328A4B5024FD567B0020CD88 /* BucketList.app */,
			);
			name = Products;
			sourceTree = "<group>";
		};
		328A4B5224FD567B0020CD88 /* BucketList */ = {
			isa = PBXGroup;
			children = (
				328A4B5324FD567B0020CD88 /* AppDelegate.swift */,
				328A4B5524FD567B0020CD88 /* SceneDelegate.swift */,
				328A4B6724FD5F530020CD88 /* MapView.swift */,
				328A4B5724FD567B0020CD88 /* ContentView.swift */,
				328A4B6924FD6B8D0020CD88 /* EditView.swift */,
				32494E5724FE13C900D1BA6D /* Result.swift */,
				32494E5324FE0F9000D1BA6D /* MKPointAnnotation-ObservableObject.swift */,
				32494E5524FE100600D1BA6D /* CodableMKPointAnnotation.swift */,
				328A4B5924FD567E0020CD88 /* Assets.xcassets */,
				328A4B5E24FD567E0020CD88 /* LaunchScreen.storyboard */,
				328A4B6124FD567E0020CD88 /* Info.plist */,
				328A4B5B24FD567E0020CD88 /* Preview Content */,
			);
			path = BucketList;
			sourceTree = "<group>";
		};
		328A4B5B24FD567E0020CD88 /* Preview Content */ = {
			isa = PBXGroup;
			children = (
				328A4B5C24FD567E0020CD88 /* Preview Assets.xcassets */,
			);
			path = "Preview Content";
			sourceTree = "<group>";
		};
/* End PBXGroup section */

/* Begin PBXNativeTarget section */
		328A4B4F24FD567B0020CD88 /* BucketList */ = {
			isa = PBXNativeTarget;
			buildConfigurationList = 328A4B6424FD567E0020CD88 /* Build configuration list for PBXNativeTarget "BucketList" */;
			buildPhases = (
				328A4B4C24FD567B0020CD88 /* Sources */,
				328A4B4D24FD567B0020CD88 /* Frameworks */,
				328A4B4E24FD567B0020CD88 /* Resources */,
			);
			buildRules = (
			);
			dependencies = (
			);
			name = BucketList;
			productName = BucketList;
			productReference = 328A4B5024FD567B0020CD88 /* BucketList.app */;
			productType = "com.apple.product-type.application";
		};
/* End PBXNativeTarget section */

/* Begin PBXProject section */
		328A4B4824FD567B0020CD88 /* Project object */ = {
			isa = PBXProject;
			attributes = {
				LastSwiftUpdateCheck = 1160;
				LastUpgradeCheck = 1160;
				ORGANIZATIONNAME = nikhit;
				TargetAttributes = {
					328A4B4F24FD567B0020CD88 = {
						CreatedOnToolsVersion = 11.6;
					};
				};
			};
			buildConfigurationList = 328A4B4B24FD567B0020CD88 /* Build configuration list for PBXProject "BucketList" */;
			compatibilityVersion = "Xcode 9.3";
			developmentRegion = en;
			hasScannedForEncodings = 0;
			knownRegions = (
				en,
				Base,
			);
			mainGroup = 328A4B4724FD567B0020CD88;
			productRefGroup = 328A4B5124FD567B0020CD88 /* Products */;
			projectDirPath = "";
			projectRoot = "";
			targets = (
				328A4B4F24FD567B0020CD88 /* BucketList */,
			);
		};
/* End PBXProject section */

/* Begin PBXResourcesBuildPhase section */
		328A4B4E24FD567B0020CD88 /* Resources */ = {
			isa = PBXResourcesBuildPhase;
			buildActionMask = 2147483647;
			files = (
				328A4B6024FD567E0020CD88 /* LaunchScreen.storyboard in Resources */,
				328A4B5D24FD567E0020CD88 /* Preview Assets.xcassets in Resources */,
				328A4B5A24FD567E0020CD88 /* Assets.xcassets in Resources */,
			);
			runOnlyForDeploymentPostprocessing = 0;
		};
/* End PBXResourcesBuildPhase section */

/* Begin PBXSourcesBuildPhase section */
		328A4B4C24FD567B0020CD88 /* Sources */ = {
			isa = PBXSourcesBuildPhase;
			buildActionMask = 2147483647;
			files = (
				328A4B5424FD567B0020CD88 /* AppDelegate.swift in Sources */,
				32494E5424FE0F9000D1BA6D /* MKPointAnnotation-ObservableObject.swift in Sources */,
				32494E5624FE100600D1BA6D /* CodableMKPointAnnotation.swift in Sources */,
				328A4B6A24FD6B8D0020CD88 /* EditView.swift in Sources */,
				328A4B6824FD5F530020CD88 /* MapView.swift in Sources */,
				328A4B5624FD567B0020CD88 /* SceneDelegate.swift in Sources */,
				32494E5824FE13C900D1BA6D /* Result.swift in Sources */,
				328A4B5824FD567B0020CD88 /* ContentView.swift in Sources */,
			);
			runOnlyForDeploymentPostprocessing = 0;
		};
/* End PBXSourcesBuildPhase section */

/* Begin PBXVariantGroup section */
		328A4B5E24FD567E0020CD88 /* LaunchScreen.storyboard */ = {
			isa = PBXVariantGroup;
			children = (
				328A4B5F24FD567E0020CD88 /* Base */,
			);
			name = LaunchScreen.storyboard;
			sourceTree = "<group>";
		};
/* End PBXVariantGroup section */

/* Begin XCBuildConfiguration section */
		328A4B6224FD567E0020CD88 /* Debug */ = {
			isa = XCBuildConfiguration;
			buildSettings = {
				ALWAYS_SEARCH_USER_PATHS = NO;
				CLANG_ANALYZER_NONNULL = YES;
				CLANG_ANALYZER_NUMBER_OBJECT_CONVERSION = YES_AGGRESSIVE;
				CLANG_CXX_LANGUAGE_STANDARD = "gnu++14";
				CLANG_CXX_LIBRARY = "libc++";
				CLANG_ENABLE_MODULES = YES;
				CLANG_ENABLE_OBJC_ARC = YES;
				CLANG_ENABLE_OBJC_WEAK = YES;
				CLANG_WARN_BLOCK_CAPTURE_AUTORELEASING = YES;
				CLANG_WARN_BOOL_CONVERSION = YES;
				CLANG_WARN_COMMA = YES;
				CLANG_WARN_CONSTANT_CONVERSION = YES;
				CLANG_WARN_DEPRECATED_OBJC_IMPLEMENTATIONS = YES;
				CLANG_WARN_DIRECT_OBJC_ISA_USAGE = YES_ERROR;
				CLANG_WARN_DOCUMENTATION_COMMENTS = YES;
				CLANG_WARN_EMPTY_BODY = YES;
				CLANG_WARN_ENUM_CONVERSION = YES;
				CLANG_WARN_INFINITE_RECURSION = YES;
				CLANG_WARN_INT_CONVERSION = YES;
				CLANG_WARN_NON_LITERAL_NULL_CONVERSION = YES;
				CLANG_WARN_OBJC_IMPLICIT_RETAIN_SELF = YES;
				CLANG_WARN_OBJC_LITERAL_CONVERSION = YES;
				CLANG_WARN_OBJC_ROOT_CLASS = YES_ERROR;
				CLANG_WARN_RANGE_LOOP_ANALYSIS = YES;
				CLANG_WARN_STRICT_PROTOTYPES = YES;
				CLANG_WARN_SUSPICIOUS_MOVE = YES;
				CLANG_WARN_UNGUARDED_AVAILABILITY = YES_AGGRESSIVE;
				CLANG_WARN_UNREACHABLE_CODE = YES;
				CLANG_WARN__DUPLICATE_METHOD_MATCH = YES;
				COPY_PHASE_STRIP = NO;
				DEBUG_INFORMATION_FORMAT = dwarf;
				ENABLE_STRICT_OBJC_MSGSEND = YES;
				ENABLE_TESTABILITY = YES;
				GCC_C_LANGUAGE_STANDARD = gnu11;
				GCC_DYNAMIC_NO_PIC = NO;
				GCC_NO_COMMON_BLOCKS = YES;
				GCC_OPTIMIZATION_LEVEL = 0;
				GCC_PREPROCESSOR_DEFINITIONS = (
					"DEBUG=1",
					"$(inherited)",
				);
				GCC_WARN_64_TO_32_BIT_CONVERSION = YES;
				GCC_WARN_ABOUT_RETURN_TYPE = YES_ERROR;
				GCC_WARN_UNDECLARED_SELECTOR = YES;
				GCC_WARN_UNINITIALIZED_AUTOS = YES_AGGRESSIVE;
				GCC_WARN_UNUSED_FUNCTION = YES;
				GCC_WARN_UNUSED_VARIABLE = YES;
				IPHONEOS_DEPLOYMENT_TARGET = 13.6;
				MTL_ENABLE_DEBUG_INFO = INCLUDE_SOURCE;
				MTL_FAST_MATH = YES;
				ONLY_ACTIVE_ARCH = YES;
				SDKROOT = iphoneos;
				SWIFT_ACTIVE_COMPILATION_CONDITIONS = DEBUG;
				SWIFT_OPTIMIZATION_LEVEL = "-Onone";
			};
			name = Debug;
		};
		328A4B6324FD567E0020CD88 /* Release */ = {
			isa = XCBuildConfiguration;
			buildSettings = {
				ALWAYS_SEARCH_USER_PATHS = NO;
				CLANG_ANALYZER_NONNULL = YES;
				CLANG_ANALYZER_NUMBER_OBJECT_CONVERSION = YES_AGGRESSIVE;
				CLANG_CXX_LANGUAGE_STANDARD = "gnu++14";
				CLANG_CXX_LIBRARY = "libc++";
				CLANG_ENABLE_MODULES = YES;
				CLANG_ENABLE_OBJC_ARC = YES;
				CLANG_ENABLE_OBJC_WEAK = YES;
				CLANG_WARN_BLOCK_CAPTURE_AUTORELEASING = YES;
				CLANG_WARN_BOOL_CONVERSION = YES;
				CLANG_WARN_COMMA = YES;
				CLANG_WARN_CONSTANT_CONVERSION = YES;
				CLANG_WARN_DEPRECATED_OBJC_IMPLEMENTATIONS = YES;
				CLANG_WARN_DIRECT_OBJC_ISA_USAGE = YES_ERROR;
				CLANG_WARN_DOCUMENTATION_COMMENTS = YES;
				CLANG_WARN_EMPTY_BODY = YES;
				CLANG_WARN_ENUM_CONVERSION = YES;
				CLANG_WARN_INFINITE_RECURSION = YES;
				CLANG_WARN_INT_CONVERSION = YES;
				CLANG_WARN_NON_LITERAL_NULL_CONVERSION = YES;
				CLANG_WARN_OBJC_IMPLICIT_RETAIN_SELF = YES;
				CLANG_WARN_OBJC_LITERAL_CONVERSION = YES;
				CLANG_WARN_OBJC_ROOT_CLASS = YES_ERROR;
				CLANG_WARN_RANGE_LOOP_ANALYSIS = YES;
				CLANG_WARN_STRICT_PROTOTYPES = YES;
				CLANG_WARN_SUSPICIOUS_MOVE = YES;
				CLANG_WARN_UNGUARDED_AVAILABILITY = YES_AGGRESSIVE;
				CLANG_WARN_UNREACHABLE_CODE = YES;
				CLANG_WARN__DUPLICATE_METHOD_MATCH = YES;
				COPY_PHASE_STRIP = NO;
				DEBUG_INFORMATION_FORMAT = "dwarf-with-dsym";
				ENABLE_NS_ASSERTIONS = NO;
				ENABLE_STRICT_OBJC_MSGSEND = YES;
				GCC_C_LANGUAGE_STANDARD = gnu11;
				GCC_NO_COMMON_BLOCKS = YES;
				GCC_WARN_64_TO_32_BIT_CONVERSION = YES;
				GCC_WARN_ABOUT_RETURN_TYPE = YES_ERROR;
				GCC_WARN_UNDECLARED_SELECTOR = YES;
				GCC_WARN_UNINITIALIZED_AUTOS = YES_AGGRESSIVE;
				GCC_WARN_UNUSED_FUNCTION = YES;
				GCC_WARN_UNUSED_VARIABLE = YES;
				IPHONEOS_DEPLOYMENT_TARGET = 13.6;
				MTL_ENABLE_DEBUG_INFO = NO;
				MTL_FAST_MATH = YES;
				SDKROOT = iphoneos;
				SWIFT_COMPILATION_MODE = wholemodule;
				SWIFT_OPTIMIZATION_LEVEL = "-O";
				VALIDATE_PRODUCT = YES;
			};
			name = Release;
		};
		328A4B6524FD567E0020CD88 /* Debug */ = {
			isa = XCBuildConfiguration;
			buildSettings = {
				ASSETCATALOG_COMPILER_APPICON_NAME = AppIcon;
				CODE_SIGN_STYLE = Automatic;
				DEVELOPMENT_ASSET_PATHS = "\"BucketList/Preview Content\"";
				DEVELOPMENT_TEAM = 6NQBNW2Z7X;
				ENABLE_PREVIEWS = YES;
				INFOPLIST_FILE = BucketList/Info.plist;
				LD_RUNPATH_SEARCH_PATHS = (
					"$(inherited)",
					"@executable_path/Frameworks",
				);
				PRODUCT_BUNDLE_IDENTIFIER = io.github.sainikhit2k.BucketList;
				PRODUCT_NAME = "$(TARGET_NAME)";
				SWIFT_VERSION = 5.0;
				TARGETED_DEVICE_FAMILY = "1,2";
			};
			name = Debug;
		};
		328A4B6624FD567E0020CD88 /* Release */ = {
			isa = XCBuildConfiguration;
			buildSettings = {
				ASSETCATALOG_COMPILER_APPICON_NAME = AppIcon;
				CODE_SIGN_STYLE = Automatic;
				DEVELOPMENT_ASSET_PATHS = "\"BucketList/Preview Content\"";
				DEVELOPMENT_TEAM = 6NQBNW2Z7X;
				ENABLE_PREVIEWS = YES;
				INFOPLIST_FILE = BucketList/Info.plist;
				LD_RUNPATH_SEARCH_PATHS = (
					"$(inherited)",
					"@executable_path/Frameworks",
				);
				PRODUCT_BUNDLE_IDENTIFIER = io.github.sainikhit2k.BucketList;
				PRODUCT_NAME = "$(TARGET_NAME)";
				SWIFT_VERSION = 5.0;
				TARGETED_DEVICE_FAMILY = "1,2";
			};
			name = Release;
		};
/* End XCBuildConfiguration section */

/* Begin XCConfigurationList section */
		328A4B4B24FD567B0020CD88 /* Build configuration list for PBXProject "BucketList" */ = {
			isa = XCConfigurationList;
			buildConfigurations = (
				328A4B6224FD567E0020CD88 /* Debug */,
				328A4B6324FD567E0020CD88 /* Release */,
			);
			defaultConfigurationIsVisible = 0;
			defaultConfigurationName = Release;
		};
		328A4B6424FD567E0020CD88 /* Build configuration list for PBXNativeTarget "BucketList" */ = {
			isa = XCConfigurationList;
			buildConfigurations = (
				328A4B6524FD567E0020CD88 /* Debug */,
				328A4B6624FD567E0020CD88 /* Release */,
			);
			defaultConfigurationIsVisible = 0;
			defaultConfigurationName = Release;
		};
/* End XCConfigurationList section */
	};
	rootObject = 328A4B4824FD567B0020CD88 /* Project object */;
}
